# Generated by scripts/update-image-lock.sh
# Registry images are immutable digest references.
# Local builds are always built from repository sources.
# Local artifacts must be provisioned before Compose starts.
services:
  "embedder":
    image: "ghcr.io/ggml-org/llama.cpp@sha256:13f61752307fc4b96c8607a1bc03f977a2a27a4372d194f2aead83d60b964289"
  "llm-general":
    image: "ghcr.io/ggml-org/llama.cpp@sha256:13f61752307fc4b96c8607a1bc03f977a2a27a4372d194f2aead83d60b964289"
  "open-webui":
    image: "ghcr.io/open-webui/open-webui@sha256:a26effeb220e132482bf7e0560b3404843e7bc40d23051144e062960df8df6b0"
  "postgres":
    image: "pgvector/pgvector@sha256:dd467f03ca5c5581222490e5217e48a262864ccb659be559f8491bbafdc97da0"
  "redis":
    image: "redis@sha256:6ab0b6e7381779332f97b8ca76193e45b0756f38d4c0dcda72dbb3c32061ab99"
  "searxng":
    image: "searxng/searxng@sha256:969e3d79c400b26b7b83c023ef48300d9e122e0828ef7160daac990b1ac27d7c"
  "tika":
    pull_policy: "build"
